
Microsoft Visual Studio Solution File, Format Version 12.00
# Visual Studio 15
VisualStudioVersion = 15.0.28010.2036
MinimumVisualStudioVersion = 10.0.40219.1
Project("{FAE04EC0-301F-11D3-BF4B-00C04F79EFBC}") = "Ex1", "Ex1\Ex1.csproj", "{DE95B85B-AB36-4E99-932A-387D876BA7D0}"
EndProject
Project("{FAE04EC0-301F-11D3-BF4B-00C04F79EFBC}") = "Ex2", "Ex2\Ex2.csproj", "{DD02D0DF-B8CE-4EA4-AA0E-AAC9A161C100}"
EndProject
Project("{FAE04EC0-301F-11D3-BF4B-00C04F79EFBC}") = "Ex3", "Ex3\Ex3.csproj", "{6638BF7C-CDF1-47ED-9AC7-5448B9458A33}"
EndProject
Project("{FAE04EC0-301F-11D3-BF4B-00C04F79EFBC}") = "Ex4", "Ex4\Ex4.csproj", "{B53A06D9-6B2F-4B80-806D-38394B76041B}"
EndProject
Project("{FAE04EC0-301F-11D3-BF4B-00C04F79EFBC}") = "Ex5", "Ex5\Ex5.csproj", "{65667111-F6BE-4D6D-96B1-59A791758DBD}"
EndProject
Project("{FAE04EC0-301F-11D3-BF4B-00C04F79EFBC}") = "Ex6", "Ex6\Ex6.csproj", "{5FD2BF56-8503-4F5F-B95C-A8793BFBD85C}"
EndProject
Project("{FAE04EC0-301F-11D3-BF4B-00C04F79EFBC}") = "Ex7", "Ex7\Ex7.csproj", "{380D0F1A-5EDB-4DA2-B2BE-062D31AFCABC}"
EndProject
Project("{FAE04EC0-301F-11D3-BF4B-00C04F79EFBC}") = "Ex8", "Ex8\Ex8.csproj", "{4F16D079-740B-4AC6-BA99-9BF4DA942199}"
EndProject
Project("{FAE04EC0-301F-11D3-BF4B-00C04F79EFBC}") = "Ex9", "Ex9\Ex9.csproj", "{7387C4F0-EBDF-4A36-9369-A50C0D792FC4}"
EndProject
Project("{FAE04EC0-301F-11D3-BF4B-00C04F79EFBC}") = "Ex10", "Ex10\Ex10.csproj", "{7F974752-71F1-41DB-9285-C482640F7F66}"
EndProject
Project("{FAE04EC0-301F-11D3-BF4B-00C04F79EFBC}") = "Ex11", "Ex11\Ex11.csproj", "{785FC80D-3FF4-4428-83E3-121740EF2BF2}"
EndProject
Project("{FAE04EC0-301F-11D3-BF4B-00C04F79EFBC}") = "Ex12", "Ex12\Ex12.csproj", "{E41B0C3A-E0CA-4AA8-85C5-3D45DBFEC4C9}"
EndProject
Project("{FAE04EC0-301F-11D3-BF4B-00C04F79EFBC}") = "Ex13", "Ex13\Ex13.csproj", "{36936644-D438-4AAA-A427-B5982CA68746}"
EndProject
Project("{FAE04EC0-301F-11D3-BF4B-00C04F79EFBC}") = "Ex14", "Ex14\Ex14.csproj", "{9DD279CF-0A4C-4C34-AB37-FED33C2AEB27}"
EndProject
Project("{FAE04EC0-301F-11D3-BF4B-00C04F79EFBC}") = "Ex15", "Ex15\Ex15.csproj", "{0DFE2BE3-EB80-490B-B20A-6A1BE565F5D9}"
EndProject
Global
	GlobalSection(SolutionConfigurationPlatforms) = preSolution
		Debug|Any CPU = Debug|Any CPU
		Release|Any CPU = Release|Any CPU
	EndGlobalSection
	GlobalSection(ProjectConfigurationPlatforms) = postSolution
		{DE95B85B-AB36-4E99-932A-387D876BA7D0}.Debug|Any CPU.ActiveCfg = Debug|Any CPU
		{DE95B85B-AB36-4E99-932A-387D876BA7D0}.Debug|Any CPU.Build.0 = Debug|Any CPU
		{DE95B85B-AB36-4E99-932A-387D876BA7D0}.Release|Any CPU.ActiveCfg = Release|Any CPU
		{DE95B85B-AB36-4E99-932A-387D876BA7D0}.Release|Any CPU.Build.0 = Release|Any CPU
		{DD02D0DF-B8CE-4EA4-AA0E-AAC9A161C100}.Debug|Any CPU.ActiveCfg = Debug|Any CPU
		{DD02D0DF-B8CE-4EA4-AA0E-AAC9A161C100}.Debug|Any CPU.Build.0 = Debug|Any CPU
		{DD02D0DF-B8CE-4EA4-AA0E-AAC9A161C100}.Release|Any CPU.ActiveCfg = Release|Any CPU
		{DD02D0DF-B8CE-4EA4-AA0E-AAC9A161C100}.Release|Any CPU.Build.0 = Release|Any CPU
		{6638BF7C-CDF1-47ED-9AC7-5448B9458A33}.Debug|Any CPU.ActiveCfg = Debug|Any CPU
		{6638BF7C-CDF1-47ED-9AC7-5448B9458A33}.Debug|Any CPU.Build.0 = Debug|Any CPU
		{6638BF7C-CDF1-47ED-9AC7-5448B9458A33}.Release|Any CPU.ActiveCfg = Release|Any CPU
		{6638BF7C-CDF1-47ED-9AC7-5448B9458A33}.Release|Any CPU.Build.0 = Release|Any CPU
		{B53A06D9-6B2F-4B80-806D-38394B76041B}.Debug|Any CPU.ActiveCfg = Debug|Any CPU
		{B53A06D9-6B2F-4B80-806D-38394B76041B}.Debug|Any CPU.Build.0 = Debug|Any CPU
		{B53A06D9-6B2F-4B80-806D-38394B76041B}.Release|Any CPU.ActiveCfg = Release|Any CPU
		{B53A06D9-6B2F-4B80-806D-38394B76041B}.Release|Any CPU.Build.0 = Release|Any CPU
		{65667111-F6BE-4D6D-96B1-59A791758DBD}.Debug|Any CPU.ActiveCfg = Debug|Any CPU
		{65667111-F6BE-4D6D-96B1-59A791758DBD}.Debug|Any CPU.Build.0 = Debug|Any CPU
		{65667111-F6BE-4D6D-96B1-59A791758DBD}.Release|Any CPU.ActiveCfg = Release|Any CPU
		{65667111-F6BE-4D6D-96B1-59A791758DBD}.Release|Any CPU.Build.0 = Release|Any CPU
		{5FD2BF56-8503-4F5F-B95C-A8793BFBD85C}.Debug|Any CPU.ActiveCfg = Debug|Any CPU
		{5FD2BF56-8503-4F5F-B95C-A8793BFBD85C}.Debug|Any CPU.Build.0 = Debug|Any CPU
		{5FD2BF56-8503-4F5F-B95C-A8793BFBD85C}.Release|Any CPU.ActiveCfg = Release|Any CPU
		{5FD2BF56-8503-4F5F-B95C-A8793BFBD85C}.Release|Any CPU.Build.0 = Release|Any CPU
		{380D0F1A-5EDB-4DA2-B2BE-062D31AFCABC}.Debug|Any CPU.ActiveCfg = Debug|Any CPU
		{380D0F1A-5EDB-4DA2-B2BE-062D31AFCABC}.Debug|Any CPU.Build.0 = Debug|Any CPU
		{380D0F1A-5EDB-4DA2-B2BE-062D31AFCABC}.Release|Any CPU.ActiveCfg = Release|Any CPU
		{380D0F1A-5EDB-4DA2-B2BE-062D31AFCABC}.Release|Any CPU.Build.0 = Release|Any CPU
		{4F16D079-740B-4AC6-BA99-9BF4DA942199}.Debug|Any CPU.ActiveCfg = Debug|Any CPU
		{4F16D079-740B-4AC6-BA99-9BF4DA942199}.Debug|Any CPU.Build.0 = Debug|Any CPU
		{4F16D079-740B-4AC6-BA99-9BF4DA942199}.Release|Any CPU.ActiveCfg = Release|Any CPU
		{4F16D079-740B-4AC6-BA99-9BF4DA942199}.Release|Any CPU.Build.0 = Release|Any CPU
		{7387C4F0-EBDF-4A36-9369-A50C0D792FC4}.Debug|Any CPU.ActiveCfg = Debug|Any CPU
		{7387C4F0-EBDF-4A36-9369-A50C0D792FC4}.Debug|Any CPU.Build.0 = Debug|Any CPU
		{7387C4F0-EBDF-4A36-9369-A50C0D792FC4}.Release|Any CPU.ActiveCfg = Release|Any CPU
		{7387C4F0-EBDF-4A36-9369-A50C0D792FC4}.Release|Any CPU.Build.0 = Release|Any CPU
		{7F974752-71F1-41DB-9285-C482640F7F66}.Debug|Any CPU.ActiveCfg = Debug|Any CPU
		{7F974752-71F1-41DB-9285-C482640F7F66}.Debug|Any CPU.Build.0 = Debug|Any CPU
		{7F974752-71F1-41DB-9285-C482640F7F66}.Release|Any CPU.ActiveCfg = Release|Any CPU
		{7F974752-71F1-41DB-9285-C482640F7F66}.Release|Any CPU.Build.0 = Release|Any CPU
		{785FC80D-3FF4-4428-83E3-121740EF2BF2}.Debug|Any CPU.ActiveCfg = Debug|Any CPU
		{785FC80D-3FF4-4428-83E3-121740EF2BF2}.Debug|Any CPU.Build.0 = Debug|Any CPU
		{785FC80D-3FF4-4428-83E3-121740EF2BF2}.Release|Any CPU.ActiveCfg = Release|Any CPU
		{785FC80D-3FF4-4428-83E3-121740EF2BF2}.Release|Any CPU.Build.0 = Release|Any CPU
		{E41B0C3A-E0CA-4AA8-85C5-3D45DBFEC4C9}.Debug|Any CPU.ActiveCfg = Debug|Any CPU
		{E41B0C3A-E0CA-4AA8-85C5-3D45DBFEC4C9}.Debug|Any CPU.Build.0 = Debug|Any CPU
		{E41B0C3A-E0CA-4AA8-85C5-3D45DBFEC4C9}.Release|Any CPU.ActiveCfg = Release|Any CPU
		{E41B0C3A-E0CA-4AA8-85C5-3D45DBFEC4C9}.Release|Any CPU.Build.0 = Release|Any CPU
		{36936644-D438-4AAA-A427-B5982CA68746}.Debug|Any CPU.ActiveCfg = Debug|Any CPU
		{36936644-D438-4AAA-A427-B5982CA68746}.Debug|Any CPU.Build.0 = Debug|Any CPU
		{36936644-D438-4AAA-A427-B5982CA68746}.Release|Any CPU.ActiveCfg = Release|Any CPU
		{36936644-D438-4AAA-A427-B5982CA68746}.Release|Any CPU.Build.0 = Release|Any CPU
		{9DD279CF-0A4C-4C34-AB37-FED33C2AEB27}.Debug|Any CPU.ActiveCfg = Debug|Any CPU
		{9DD279CF-0A4C-4C34-AB37-FED33C2AEB27}.Debug|Any CPU.Build.0 = Debug|Any CPU
		{9DD279CF-0A4C-4C34-AB37-FED33C2AEB27}.Release|Any CPU.ActiveCfg = Release|Any CPU
		{9DD279CF-0A4C-4C34-AB37-FED33C2AEB27}.Release|Any CPU.Build.0 = Release|Any CPU
		{0DFE2BE3-EB80-490B-B20A-6A1BE565F5D9}.Debug|Any CPU.ActiveCfg = Debug|Any CPU
		{0DFE2BE3-EB80-490B-B20A-6A1BE565F5D9}.Debug|Any CPU.Build.0 = Debug|Any CPU
		{0DFE2BE3-EB80-490B-B20A-6A1BE565F5D9}.Release|Any CPU.ActiveCfg = Release|Any CPU
		{0DFE2BE3-EB80-490B-B20A-6A1BE565F5D9}.Release|Any CPU.Build.0 = Release|Any CPU
	EndGlobalSection
	GlobalSection(SolutionProperties) = preSolution
		HideSolutionNode = FALSE
	EndGlobalSection
	GlobalSection(ExtensibilityGlobals) = postSolution
		SolutionGuid = {23E2BF2E-40AC-4272-9FB9-F47F432868A4}
	EndGlobalSection
EndGlobal
